{
  "name": "cmd",
  "version": "1.0.0",
  "lockfileVersion": 3,
  "requires": true,
  "packages": {
    "": {
      "name": "cmd",
      "version": "1.0.0",
      "license": "ISC",
      "dependencies": {
        "@xmldom/xmldom": "^0.9.5"
      }
    },
    "node_modules/@xmldom/xmldom": {
      "version": "0.9.5",
      "resolved": "https://registry.npmjs.org/@xmldom/xmldom/-/xmldom-0.9.5.tgz",
      "integrity": "sha512-6g1EwSs8cr8JhP1iBxzyVAWM6BIDvx9Y3FZRIQiMDzgG43Pxi8YkWOZ0nQj2NHgNzgXDZbJewFx/n+YAvMZrfg==",
      "engines": {
        "node": ">=14.6"
      }
    }
  }
}
